
Microsoft Visual Studio Solution File, Format Version 12.00
# Visual Studio Version 16
VisualStudioVersion = 16.0.32106.194
MinimumVisualStudioVersion = 10.0.40219.1
Project("{FAE04EC0-301F-11D3-BF4B-00C04F79EFBC}") = "Helperland", "Helperland\Helperland.csproj", "{C7B762C7-2F15-4875-836C-FC3F016485DE}"
EndProject
Global
	GlobalSection(SolutionConfigurationPlatforms) = preSolution
		Debug|Any CPU = Debug|Any CPU
		Release|Any CPU = Release|Any CPU
	EndGlobalSection
	GlobalSection(ProjectConfigurationPlatforms) = postSolution
		{C7B762C7-2F15-4875-836C-FC3F016485DE}.Debug|Any CPU.ActiveCfg = Debug|Any CPU
		{C7B762C7-2F15-4875-836C-FC3F016485DE}.Debug|Any CPU.Build.0 = Debug|Any CPU
		{C7B762C7-2F15-4875-836C-FC3F016485DE}.Release|Any CPU.ActiveCfg = Release|Any CPU
		{C7B762C7-2F15-4875-836C-FC3F016485DE}.Release|Any CPU.Build.0 = Release|Any CPU
	EndGlobalSection
	GlobalSection(SolutionProperties) = preSolution
		HideSolutionNode = FALSE
	EndGlobalSection
	GlobalSection(ExtensibilityGlobals) = postSolution
		SolutionGuid = {2448C3F7-A077-492B-8DA9-FCAEB53A5D91}
	EndGlobalSection
EndGlobal
